
Microsoft Visual Studio Solution File, Format Version 12.00
# Visual Studio Version 16
VisualStudioVersion = 16.0.33328.57
MinimumVisualStudioVersion = 10.0.40219.1
Project("{9A19103F-16F7-4668-BE54-9A1E7A4F7556}") = "Mission09_murdodav", "Mission09_murdodav\Mission09_murdodav.csproj", "{1E3AFDFF-E387-44E3-9587-F8B58C944981}"
EndProject
Global
	GlobalSection(SolutionConfigurationPlatforms) = preSolution
		Debug|Any CPU = Debug|Any CPU
		Release|Any CPU = Release|Any CPU
	EndGlobalSection
	GlobalSection(ProjectConfigurationPlatforms) = postSolution
		{1E3AFDFF-E387-44E3-9587-F8B58C944981}.Debug|Any CPU.ActiveCfg = Debug|Any CPU
		{1E3AFDFF-E387-44E3-9587-F8B58C944981}.Debug|Any CPU.Build.0 = Debug|Any CPU
		{1E3AFDFF-E387-44E3-9587-F8B58C944981}.Release|Any CPU.ActiveCfg = Release|Any CPU
		{1E3AFDFF-E387-44E3-9587-F8B58C944981}.Release|Any CPU.Build.0 = Release|Any CPU
	EndGlobalSection
	GlobalSection(SolutionProperties) = preSolution
		HideSolutionNode = FALSE
	EndGlobalSection
	GlobalSection(ExtensibilityGlobals) = postSolution
		SolutionGuid = {ACFC20E8-399D-410B-ACD0-123243EDE1B3}
	EndGlobalSection
EndGlobal
